{
  "name": "2d-game-template",
  "lockfileVersion": 3,
  "requires": true,
  "packages": {
    "": {
      "name": "2d-game-template",
      "dependencies": {
        "js-event-bus": "^1.1.1",
        "papaparse": "^5.5.3"
      },
      "devDependencies": {
        "miniprogram-api-typings": "^5.0.0"
      }
    },
    "node_modules/js-event-bus": {
      "version": "1.1.1",
      "resolved": "https://registry.npmmirror.com/js-event-bus/-/js-event-bus-1.1.1.tgz",
      "integrity": "sha512-clZBV/Bzxw3sPB1ugeBANkPWw1noQWwa7MJAtiEXBfw3CH4wptA6Nh7+b9rqi1/z0tjo6t7wILrGGg3IHRAOPw==",
      "license": "MIT"
    },
    "node_modules/miniprogram-api-typings": {
      "version": "5.0.0",
      "resolved": "https://registry.npmmirror.com/miniprogram-api-typings/-/miniprogram-api-typings-5.0.0.tgz",
      "integrity": "sha512-KQ1ZDk0cK3JrAaZtlFNlC/De/HwqhtToPZTzIYvFzi4FaW0Z8raIBN/qpjZ5QMiBaBNl/hJwTWwD+tfp8BwCZw==",
      "dev": true,
      "license": "MIT"
    },
    "node_modules/papaparse": {
      "version": "5.5.3",
      "resolved": "https://registry.npmmirror.com/papaparse/-/papaparse-5.5.3.tgz",
      "integrity": "sha512-5QvjGxYVjxO59MGU2lHVYpRWBBtKHnlIAcSe1uNFCkkptUh63NFRj0FJQm7nR67puEruUci/ZkjmEFrjCAyP4A==",
      "license": "MIT"
    }
  }
}
